// !$*UTF8*$!
{
	archiveVersion = 1;
	classes = {
	};
	objectVersion = 55;
	objects = {

/* Begin PBXBuildFile section */
		2FA8B62727A87BE3005E84C3 /* ResourcesTwoView.swift in Sources */ = {isa = PBXBuildFile; fileRef = 2FA8B62627A87BE3005E84C3 /* ResourcesTwoView.swift */; };
		2FA8B62927A8B888005E84C3 /* ResourcesView3.swift in Sources */ = {isa = PBXBuildFile; fileRef = 2FA8B62827A8B888005E84C3 /* ResourcesView3.swift */; };
		2FB3279527C6A3E2007CF435 /* Logo.png in Resources */ = {isa = PBXBuildFile; fileRef = 2FB3279427C6A3E1007CF435 /* Logo.png */; };
		560A07042720E85700D53B38 /* ShareCatApp.swift in Sources */ = {isa = PBXBuildFile; fileRef = 560A07032720E85700D53B38 /* ShareCatApp.swift */; };
		560A07062720E85700D53B38 /* ContentView.swift in Sources */ = {isa = PBXBuildFile; fileRef = 560A07052720E85700D53B38 /* ContentView.swift */; };
		560A07082720E85900D53B38 /* Assets.xcassets in Resources */ = {isa = PBXBuildFile; fileRef = 560A07072720E85900D53B38 /* Assets.xcassets */; };
		560A070B2720E85900D53B38 /* Preview Assets.xcassets in Resources */ = {isa = PBXBuildFile; fileRef = 560A070A2720E85900D53B38 /* Preview Assets.xcassets */; };
		560A071F2720E85900D53B38 /* ShareCatUITests.swift in Sources */ = {isa = PBXBuildFile; fileRef = 560A071E2720E85900D53B38 /* ShareCatUITests.swift */; };
		560A07212720E85900D53B38 /* ShareCatUITestsLaunchTests.swift in Sources */ = {isa = PBXBuildFile; fileRef = 560A07202720E85900D53B38 /* ShareCatUITestsLaunchTests.swift */; };
		56F565EC27449E5B004C287C /* ClubsView.swift in Sources */ = {isa = PBXBuildFile; fileRef = 56F565EB27449E5B004C287C /* ClubsView.swift */; };
		56F565EE2745E7E0004C287C /* ResourcesView.swift in Sources */ = {isa = PBXBuildFile; fileRef = 56F565ED2745E7E0004C287C /* ResourcesView.swift */; };
		56F565F02745E81F004C287C /* MapView.swift in Sources */ = {isa = PBXBuildFile; fileRef = 56F565EF2745E81F004C287C /* MapView.swift */; };
		56F565F22745E853004C287C /* CalendarView.swift in Sources */ = {isa = PBXBuildFile; fileRef = 56F565F12745E853004C287C /* CalendarView.swift */; };
		56F565F42745E87D004C287C /* LoginView.swift in Sources */ = {isa = PBXBuildFile; fileRef = 56F565F32745E87D004C287C /* LoginView.swift */; };
		56F565F62745EAA5004C287C /* Main.storyboard in Resources */ = {isa = PBXBuildFile; fileRef = 56F565F52745EAA5004C287C /* Main.storyboard */; };
		56F565FC274698B4004C287C /* LoginViewController.swift in Sources */ = {isa = PBXBuildFile; fileRef = 56F565F92746989A004C287C /* LoginViewController.swift */; };
		E2038F552748857500DA9484 /* DeadSimpleCalendar in Frameworks */ = {isa = PBXBuildFile; productRef = E2038F542748857500DA9484 /* DeadSimpleCalendar */; };
		E289A65627A48A1000CDDE80 /* ContentViewz.swift in Sources */ = {isa = PBXBuildFile; fileRef = E289A65527A48A1000CDDE80 /* ContentViewz.swift */; };
		E289A65827A48AB500CDDE80 /* MapProjectApp.swift in Sources */ = {isa = PBXBuildFile; fileRef = E289A65727A48AB500CDDE80 /* MapProjectApp.swift */; };
		E289A65A27A48B2200CDDE80 /* LocationViewModel.swift in Sources */ = {isa = PBXBuildFile; fileRef = E289A65927A48B2200CDDE80 /* LocationViewModel.swift */; };
		E289A65C27A48B7500CDDE80 /* Location.swift in Sources */ = {isa = PBXBuildFile; fileRef = E289A65B27A48B7500CDDE80 /* Location.swift */; };
		E289A65E27A48BCF00CDDE80 /* LocationsDataService.swift in Sources */ = {isa = PBXBuildFile; fileRef = E289A65D27A48BCF00CDDE80 /* LocationsDataService.swift */; };
		E289A66027A48C5C00CDDE80 /* LocationsView.swift in Sources */ = {isa = PBXBuildFile; fileRef = E289A65F27A48C5C00CDDE80 /* LocationsView.swift */; };
		E289A66227A48CF700CDDE80 /* LocationsListView.swift in Sources */ = {isa = PBXBuildFile; fileRef = E289A66127A48CF700CDDE80 /* LocationsListView.swift */; };
		E289A66427A48DAE00CDDE80 /* LocationMapAnnotationView.swift in Sources */ = {isa = PBXBuildFile; fileRef = E289A66327A48DAE00CDDE80 /* LocationMapAnnotationView.swift */; };
		E289A66627A48E4C00CDDE80 /* LocationPreviewView.swift in Sources */ = {isa = PBXBuildFile; fileRef = E289A66527A48E4C00CDDE80 /* LocationPreviewView.swift */; };
/* End PBXBuildFile section */

/* Begin PBXContainerItemProxy section */
		560A07112720E85900D53B38 /* PBXContainerItemProxy */ = {
			isa = PBXContainerItemProxy;
			containerPortal = 560A06F82720E85700D53B38 /* Project object */;
			proxyType = 1;
			remoteGlobalIDString = 560A06FF2720E85700D53B38;
			remoteInfo = ShareCat;
		};
		560A071B2720E85900D53B38 /* PBXContainerItemProxy */ = {
			isa = PBXContainerItemProxy;
			containerPortal = 560A06F82720E85700D53B38 /* Project object */;
			proxyType = 1;
			remoteGlobalIDString = 560A06FF2720E85700D53B38;
			remoteInfo = ShareCat;
		};
/* End PBXContainerItemProxy section */

/* Begin PBXFileReference section */
		2FA8B62627A87BE3005E84C3 /* ResourcesTwoView.swift */ = {isa = PBXFileReference; lastKnownFileType = sourcecode.swift; path = ResourcesTwoView.swift; sourceTree = "<group>"; };
		2FA8B62827A8B888005E84C3 /* ResourcesView3.swift */ = {isa = PBXFileReference; lastKnownFileType = sourcecode.swift; path = ResourcesView3.swift; sourceTree = "<group>"; };
		2FB3279427C6A3E1007CF435 /* Logo.png */ = {isa = PBXFileReference; lastKnownFileType = image.png; name = Logo.png; path = ../../../../../Downloads/Logo.png; sourceTree = "<group>"; };
		560A07002720E85700D53B38 /* ShareCat.app */ = {isa = PBXFileReference; explicitFileType = wrapper.application; includeInIndex = 0; path = ShareCat.app; sourceTree = BUILT_PRODUCTS_DIR; };
		560A07032720E85700D53B38 /* ShareCatApp.swift */ = {isa = PBXFileReference; lastKnownFileType = sourcecode.swift; path = ShareCatApp.swift; sourceTree = "<group>"; };
		560A07052720E85700D53B38 /* ContentView.swift */ = {isa = PBXFileReference; lastKnownFileType = sourcecode.swift; path = ContentView.swift; sourceTree = "<group>"; };
		560A07072720E85900D53B38 /* Assets.xcassets */ = {isa = PBXFileReference; lastKnownFileType = folder.assetcatalog; path = Assets.xcassets; sourceTree = "<group>"; };
		560A070A2720E85900D53B38 /* Preview Assets.xcassets */ = {isa = PBXFileReference; lastKnownFileType = folder.assetcatalog; path = "Preview Assets.xcassets"; sourceTree = "<group>"; };
		560A07102720E85900D53B38 /* ShareCatTests.xctest */ = {isa = PBXFileReference; explicitFileType = wrapper.cfbundle; includeInIndex = 0; path = ShareCatTests.xctest; sourceTree = BUILT_PRODUCTS_DIR; };
		560A071A2720E85900D53B38 /* ShareCatUITests.xctest */ = {isa = PBXFileReference; explicitFileType = wrapper.cfbundle; includeInIndex = 0; path = ShareCatUITests.xctest; sourceTree = BUILT_PRODUCTS_DIR; };
		560A071E2720E85900D53B38 /* ShareCatUITests.swift */ = {isa = PBXFileReference; lastKnownFileType = sourcecode.swift; path = ShareCatUITests.swift; sourceTree = "<group>"; };
		560A07202720E85900D53B38 /* ShareCatUITestsLaunchTests.swift */ = {isa = PBXFileReference; lastKnownFileType = sourcecode.swift; path = ShareCatUITestsLaunchTests.swift; sourceTree = "<group>"; };
		56F565EB27449E5B004C287C /* ClubsView.swift */ = {isa = PBXFileReference; lastKnownFileType = sourcecode.swift; path = ClubsView.swift; sourceTree = "<group>"; };
		56F565ED2745E7E0004C287C /* ResourcesView.swift */ = {isa = PBXFileReference; lastKnownFileType = sourcecode.swift; path = ResourcesView.swift; sourceTree = "<group>"; };
		56F565EF2745E81F004C287C /* MapView.swift */ = {isa = PBXFileReference; lastKnownFileType = sourcecode.swift; path = MapView.swift; sourceTree = "<group>"; };
		56F565F12745E853004C287C /* CalendarView.swift */ = {isa = PBXFileReference; lastKnownFileType = sourcecode.swift; path = CalendarView.swift; sourceTree = "<group>"; };
		56F565F32745E87D004C287C /* LoginView.swift */ = {isa = PBXFileReference; lastKnownFileType = sourcecode.swift; path = LoginView.swift; sourceTree = "<group>"; };
		56F565F52745EAA5004C287C /* Main.storyboard */ = {isa = PBXFileReference; lastKnownFileType = file.storyboard; path = Main.storyboard; sourceTree = "<group>"; };
		56F565F92746989A004C287C /* LoginViewController.swift */ = {isa = PBXFileReference; lastKnownFileType = sourcecode.swift; path = LoginViewController.swift; sourceTree = "<group>"; };
		56F5666527A36535004C287C /* Info.plist */ = {isa = PBXFileReference; lastKnownFileType = text.plist; path = Info.plist; sourceTree = "<group>"; };
		E289A65527A48A1000CDDE80 /* ContentViewz.swift */ = {isa = PBXFileReference; lastKnownFileType = sourcecode.swift; path = ContentViewz.swift; sourceTree = "<group>"; };
		E289A65727A48AB500CDDE80 /* MapProjectApp.swift */ = {isa = PBXFileReference; lastKnownFileType = sourcecode.swift; path = MapProjectApp.swift; sourceTree = "<group>"; };
		E289A65927A48B2200CDDE80 /* LocationViewModel.swift */ = {isa = PBXFileReference; lastKnownFileType = sourcecode.swift; path = LocationViewModel.swift; sourceTree = "<group>"; };
		E289A65B27A48B7500CDDE80 /* Location.swift */ = {isa = PBXFileReference; lastKnownFileType = sourcecode.swift; path = Location.swift; sourceTree = "<group>"; };
		E289A65D27A48BCF00CDDE80 /* LocationsDataService.swift */ = {isa = PBXFileReference; lastKnownFileType = sourcecode.swift; path = LocationsDataService.swift; sourceTree = "<group>"; };
		E289A65F27A48C5C00CDDE80 /* LocationsView.swift */ = {isa = PBXFileReference; lastKnownFileType = sourcecode.swift; path = LocationsView.swift; sourceTree = "<group>"; };
		E289A66127A48CF700CDDE80 /* LocationsListView.swift */ = {isa = PBXFileReference; lastKnownFileType = sourcecode.swift; path = LocationsListView.swift; sourceTree = "<group>"; };
		E289A66327A48DAE00CDDE80 /* LocationMapAnnotationView.swift */ = {isa = PBXFileReference; lastKnownFileType = sourcecode.swift; path = LocationMapAnnotationView.swift; sourceTree = "<group>"; };
		E289A66527A48E4C00CDDE80 /* LocationPreviewView.swift */ = {isa = PBXFileReference; lastKnownFileType = sourcecode.swift; path = LocationPreviewView.swift; sourceTree = "<group>"; };
/* End PBXFileReference section */

/* Begin PBXFrameworksBuildPhase section */
		560A06FD2720E85700D53B38 /* Frameworks */ = {
			isa = PBXFrameworksBuildPhase;
			buildActionMask = 2147483647;
			files = (
				E2038F552748857500DA9484 /* DeadSimpleCalendar in Frameworks */,
			);
			runOnlyForDeploymentPostprocessing = 0;
		};
		560A070D2720E85900D53B38 /* Frameworks */ = {
			isa = PBXFrameworksBuildPhase;
			buildActionMask = 2147483647;
			files = (
			);
			runOnlyForDeploymentPostprocessing = 0;
		};
		560A07172720E85900D53B38 /* Frameworks */ = {
			isa = PBXFrameworksBuildPhase;
			buildActionMask = 2147483647;
			files = (
			);
			runOnlyForDeploymentPostprocessing = 0;
		};
/* End PBXFrameworksBuildPhase section */

/* Begin PBXGroup section */
		560A06F72720E85700D53B38 = {
			isa = PBXGroup;
			children = (
				560A07022720E85700D53B38 /* ShareCat */,
				560A071D2720E85900D53B38 /* ShareCatUITests */,
				560A07012720E85700D53B38 /* Products */,
			);
			sourceTree = "<group>";
		};
		560A07012720E85700D53B38 /* Products */ = {
			isa = PBXGroup;
			children = (
				560A07002720E85700D53B38 /* ShareCat.app */,
				560A07102720E85900D53B38 /* ShareCatTests.xctest */,
				560A071A2720E85900D53B38 /* ShareCatUITests.xctest */,
			);
			name = Products;
			sourceTree = "<group>";
		};
		560A07022720E85700D53B38 /* ShareCat */ = {
			isa = PBXGroup;
			children = (
				56F5666527A36535004C287C /* Info.plist */,
				560A07032720E85700D53B38 /* ShareCatApp.swift */,
				56F565F52745EAA5004C287C /* Main.storyboard */,
				560A07052720E85700D53B38 /* ContentView.swift */,
				56F565F32745E87D004C287C /* LoginView.swift */,
				56F565EB27449E5B004C287C /* ClubsView.swift */,
				56F565ED2745E7E0004C287C /* ResourcesView.swift */,
				2FA8B62627A87BE3005E84C3 /* ResourcesTwoView.swift */,
				2FA8B62827A8B888005E84C3 /* ResourcesView3.swift */,
				56F565EF2745E81F004C287C /* MapView.swift */,
				E289A65527A48A1000CDDE80 /* ContentViewz.swift */,
				E289A65727A48AB500CDDE80 /* MapProjectApp.swift */,
				E289A65F27A48C5C00CDDE80 /* LocationsView.swift */,
				E289A65927A48B2200CDDE80 /* LocationViewModel.swift */,
				E289A65B27A48B7500CDDE80 /* Location.swift */,
				E289A65D27A48BCF00CDDE80 /* LocationsDataService.swift */,
				E289A66127A48CF700CDDE80 /* LocationsListView.swift */,
				E289A66327A48DAE00CDDE80 /* LocationMapAnnotationView.swift */,
				E289A66527A48E4C00CDDE80 /* LocationPreviewView.swift */,
				56F565F12745E853004C287C /* CalendarView.swift */,
				56F565F92746989A004C287C /* LoginViewController.swift */,
				2FB3279427C6A3E1007CF435 /* Logo.png */,
				560A07072720E85900D53B38 /* Assets.xcassets */,
				560A07092720E85900D53B38 /* Preview Content */,
			);
			path = ShareCat;
			sourceTree = "<group>";
		};
		560A07092720E85900D53B38 /* Preview Content */ = {
			isa = PBXGroup;
			children = (
				560A070A2720E85900D53B38 /* Preview Assets.xcassets */,
			);
			path = "Preview Content";
			sourceTree = "<group>";
		};
		560A071D2720E85900D53B38 /* ShareCatUITests */ = {
			isa = PBXGroup;
			children = (
				560A071E2720E85900D53B38 /* ShareCatUITests.swift */,
				560A07202720E85900D53B38 /* ShareCatUITestsLaunchTests.swift */,
			);
			path = ShareCatUITests;
			sourceTree = "<group>";
		};
/* End PBXGroup section */

/* Begin PBXNativeTarget section */
		560A06FF2720E85700D53B38 /* ShareCat */ = {
			isa = PBXNativeTarget;
			buildConfigurationList = 560A07242720E85900D53B38 /* Build configuration list for PBXNativeTarget "ShareCat" */;
			buildPhases = (
				560A06FC2720E85700D53B38 /* Sources */,
				560A06FD2720E85700D53B38 /* Frameworks */,
				560A06FE2720E85700D53B38 /* Resources */,
			);
			buildRules = (
			);
			dependencies = (
			);
			name = ShareCat;
			packageProductDependencies = (
				E2038F542748857500DA9484 /* DeadSimpleCalendar */,
			);
			productName = ShareCat;
			productReference = 560A07002720E85700D53B38 /* ShareCat.app */;
			productType = "com.apple.product-type.application";
		};
		560A070F2720E85900D53B38 /* ShareCatTests */ = {
			isa = PBXNativeTarget;
			buildConfigurationList = 560A07272720E85900D53B38 /* Build configuration list for PBXNativeTarget "ShareCatTests" */;
			buildPhases = (
				560A070C2720E85900D53B38 /* Sources */,
				560A070D2720E85900D53B38 /* Frameworks */,
				560A070E2720E85900D53B38 /* Resources */,
			);
			buildRules = (
			);
			dependencies = (
				560A07122720E85900D53B38 /* PBXTargetDependency */,
			);
			name = ShareCatTests;
			productName = ShareCatTests;
			productReference = 560A07102720E85900D53B38 /* ShareCatTests.xctest */;
			productType = "com.apple.product-type.bundle.unit-test";
		};
		560A07192720E85900D53B38 /* ShareCatUITests */ = {
			isa = PBXNativeTarget;
			buildConfigurationList = 560A072A2720E85900D53B38 /* Build configuration list for PBXNativeTarget "ShareCatUITests" */;
			buildPhases = (
				560A07162720E85900D53B38 /* Sources */,
				560A07172720E85900D53B38 /* Frameworks */,
				560A07182720E85900D53B38 /* Resources */,
			);
			buildRules = (
			);
			dependencies = (
				560A071C2720E85900D53B38 /* PBXTargetDependency */,
			);
			name = ShareCatUITests;
			productName = ShareCatUITests;
			productReference = 560A071A2720E85900D53B38 /* ShareCatUITests.xctest */;
			productType = "com.apple.product-type.bundle.ui-testing";
		};
/* End PBXNativeTarget section */

/* Begin PBXProject section */
		560A06F82720E85700D53B38 /* Project object */ = {
			isa = PBXProject;
			attributes = {
				BuildIndependentTargetsInParallel = 1;
				LastSwiftUpdateCheck = 1300;
				LastUpgradeCheck = 1300;
				TargetAttributes = {
					560A06FF2720E85700D53B38 = {
						CreatedOnToolsVersion = 13.0;
					};
					560A070F2720E85900D53B38 = {
						CreatedOnToolsVersion = 13.0;
						TestTargetID = 560A06FF2720E85700D53B38;
					};
					560A07192720E85900D53B38 = {
						CreatedOnToolsVersion = 13.0;
						TestTargetID = 560A06FF2720E85700D53B38;
					};
				};
			};
			buildConfigurationList = 560A06FB2720E85700D53B38 /* Build configuration list for PBXProject "ShareCat" */;
			compatibilityVersion = "Xcode 13.0";
			developmentRegion = en;
			hasScannedForEncodings = 0;
			knownRegions = (
				en,
				Base,
			);
			mainGroup = 560A06F72720E85700D53B38;
			packageReferences = (
				E2038F532748857500DA9484 /* XCRemoteSwiftPackageReference "DeadSimpleCalendar" */,
			);
			productRefGroup = 560A07012720E85700D53B38 /* Products */;
			projectDirPath = "";
			projectRoot = "";
			targets = (
				560A06FF2720E85700D53B38 /* ShareCat */,
				560A070F2720E85900D53B38 /* ShareCatTests */,
				560A07192720E85900D53B38 /* ShareCatUITests */,
			);
		};
/* End PBXProject section */

/* Begin PBXResourcesBuildPhase section */
		560A06FE2720E85700D53B38 /* Resources */ = {
			isa = PBXResourcesBuildPhase;
			buildActionMask = 2147483647;
			files = (
				2FB3279527C6A3E2007CF435 /* Logo.png in Resources */,
				56F565F62745EAA5004C287C /* Main.storyboard in Resources */,
				560A070B2720E85900D53B38 /* Preview Assets.xcassets in Resources */,
				560A07082720E85900D53B38 /* Assets.xcassets in Resources */,
			);
			runOnlyForDeploymentPostprocessing = 0;
		};
		560A070E2720E85900D53B38 /* Resources */ = {
			isa = PBXResourcesBuildPhase;
			buildActionMask = 2147483647;
			files = (
			);
			runOnlyForDeploymentPostprocessing = 0;
		};
		560A07182720E85900D53B38 /* Resources */ = {
			isa = PBXResourcesBuildPhase;
			buildActionMask = 2147483647;
			files = (
			);
			runOnlyForDeploymentPostprocessing = 0;
		};
/* End PBXResourcesBuildPhase section */

/* Begin PBXSourcesBuildPhase section */
		560A06FC2720E85700D53B38 /* Sources */ = {
			isa = PBXSourcesBuildPhase;
			buildActionMask = 2147483647;
			files = (
				56F565EE2745E7E0004C287C /* ResourcesView.swift in Sources */,
				E289A66427A48DAE00CDDE80 /* LocationMapAnnotationView.swift in Sources */,
				56F565F42745E87D004C287C /* LoginView.swift in Sources */,
				560A07062720E85700D53B38 /* ContentView.swift in Sources */,
				56F565F22745E853004C287C /* CalendarView.swift in Sources */,
				E289A65827A48AB500CDDE80 /* MapProjectApp.swift in Sources */,
				E289A66027A48C5C00CDDE80 /* LocationsView.swift in Sources */,
				56F565FC274698B4004C287C /* LoginViewController.swift in Sources */,
				E289A65C27A48B7500CDDE80 /* Location.swift in Sources */,
				E289A66627A48E4C00CDDE80 /* LocationPreviewView.swift in Sources */,
				56F565F02745E81F004C287C /* MapView.swift in Sources */,
				2FA8B62927A8B888005E84C3 /* ResourcesView3.swift in Sources */,
				2FA8B62727A87BE3005E84C3 /* ResourcesTwoView.swift in Sources */,
				E289A65A27A48B2200CDDE80 /* LocationViewModel.swift in Sources */,
				E289A65627A48A1000CDDE80 /* ContentViewz.swift in Sources */,
				56F565EC27449E5B004C287C /* ClubsView.swift in Sources */,
				560A07042720E85700D53B38 /* ShareCatApp.swift in Sources */,
				E289A65E27A48BCF00CDDE80 /* LocationsDataService.swift in Sources */,
				E289A66227A48CF700CDDE80 /* LocationsListView.swift in Sources */,
			);
			runOnlyForDeploymentPostprocessing = 0;
		};
		560A070C2720E85900D53B38 /* Sources */ = {
			isa = PBXSourcesBuildPhase;
			buildActionMask = 2147483647;
			files = (
			);
			runOnlyForDeploymentPostprocessing = 0;
		};
		560A07162720E85900D53B38 /* Sources */ = {
			isa = PBXSourcesBuildPhase;
			buildActionMask = 2147483647;
			files = (
				560A07212720E85900D53B38 /* ShareCatUITestsLaunchTests.swift in Sources */,
				560A071F2720E85900D53B38 /* ShareCatUITests.swift in Sources */,
			);
			runOnlyForDeploymentPostprocessing = 0;
		};
/* End PBXSourcesBuildPhase section */

/* Begin PBXTargetDependency section */
		560A07122720E85900D53B38 /* PBXTargetDependency */ = {
			isa = PBXTargetDependency;
			target = 560A06FF2720E85700D53B38 /* ShareCat */;
			targetProxy = 560A07112720E85900D53B38 /* PBXContainerItemProxy */;
		};
		560A071C2720E85900D53B38 /* PBXTargetDependency */ = {
			isa = PBXTargetDependency;
			target = 560A06FF2720E85700D53B38 /* ShareCat */;
			targetProxy = 560A071B2720E85900D53B38 /* PBXContainerItemProxy */;
		};
/* End PBXTargetDependency section */

/* Begin XCBuildConfiguration section */
		560A07222720E85900D53B38 /* Debug */ = {
			isa = XCBuildConfiguration;
			buildSettings = {
				ALWAYS_SEARCH_USER_PATHS = NO;
				CLANG_ANALYZER_NONNULL = YES;
				CLANG_ANALYZER_NUMBER_OBJECT_CONVERSION = YES_AGGRESSIVE;
				CLANG_CXX_LANGUAGE_STANDARD = "gnu++17";
				CLANG_CXX_LIBRARY = "libc++";
				CLANG_ENABLE_MODULES = YES;
				CLANG_ENABLE_OBJC_ARC = YES;
				CLANG_ENABLE_OBJC_WEAK = YES;
				CLANG_WARN_BLOCK_CAPTURE_AUTORELEASING = YES;
				CLANG_WARN_BOOL_CONVERSION = YES;
				CLANG_WARN_COMMA = YES;
				CLANG_WARN_CONSTANT_CONVERSION = YES;
				CLANG_WARN_DEPRECATED_OBJC_IMPLEMENTATIONS = YES;
				CLANG_WARN_DIRECT_OBJC_ISA_USAGE = YES_ERROR;
				CLANG_WARN_DOCUMENTATION_COMMENTS = YES;
				CLANG_WARN_EMPTY_BODY = YES;
				CLANG_WARN_ENUM_CONVERSION = YES;
				CLANG_WARN_INFINITE_RECURSION = YES;
				CLANG_WARN_INT_CONVERSION = YES;
				CLANG_WARN_NON_LITERAL_NULL_CONVERSION = YES;
				CLANG_WARN_OBJC_IMPLICIT_RETAIN_SELF = YES;
				CLANG_WARN_OBJC_LITERAL_CONVERSION = YES;
				CLANG_WARN_OBJC_ROOT_CLASS = YES_ERROR;
				CLANG_WARN_QUOTED_INCLUDE_IN_FRAMEWORK_HEADER = YES;
				CLANG_WARN_RANGE_LOOP_ANALYSIS = YES;
				CLANG_WARN_STRICT_PROTOTYPES = YES;
				CLANG_WARN_SUSPICIOUS_MOVE = YES;
				CLANG_WARN_UNGUARDED_AVAILABILITY = YES_AGGRESSIVE;
				CLANG_WARN_UNREACHABLE_CODE = YES;
				CLANG_WARN__DUPLICATE_METHOD_MATCH = YES;
				COPY_PHASE_STRIP = NO;
				DEBUG_INFORMATION_FORMAT = dwarf;
				ENABLE_STRICT_OBJC_MSGSEND = YES;
				ENABLE_TESTABILITY = YES;
				GCC_C_LANGUAGE_STANDARD = gnu11;
				GCC_DYNAMIC_NO_PIC = NO;
				GCC_NO_COMMON_BLOCKS = YES;
				GCC_OPTIMIZATION_LEVEL = 0;
				GCC_PREPROCESSOR_DEFINITIONS = (
					"DEBUG=1",
					"$(inherited)",
				);
				GCC_WARN_64_TO_32_BIT_CONVERSION = YES;
				GCC_WARN_ABOUT_RETURN_TYPE = YES_ERROR;
				GCC_WARN_UNDECLARED_SELECTOR = YES;
				GCC_WARN_UNINITIALIZED_AUTOS = YES_AGGRESSIVE;
				GCC_WARN_UNUSED_FUNCTION = YES;
				GCC_WARN_UNUSED_VARIABLE = YES;
				IPHONEOS_DEPLOYMENT_TARGET = 15.0;
				MTL_ENABLE_DEBUG_INFO = INCLUDE_SOURCE;
				MTL_FAST_MATH = YES;
				ONLY_ACTIVE_ARCH = YES;
				SDKROOT = iphoneos;
				SWIFT_ACTIVE_COMPILATION_CONDITIONS = DEBUG;
				SWIFT_OPTIMIZATION_LEVEL = "-Onone";
			};
			name = Debug;
		};
		560A07232720E85900D53B38 /* Release */ = {
			isa = XCBuildConfiguration;
			buildSettings = {
				ALWAYS_SEARCH_USER_PATHS = NO;
				CLANG_ANALYZER_NONNULL = YES;
				CLANG_ANALYZER_NUMBER_OBJECT_CONVERSION = YES_AGGRESSIVE;
				CLANG_CXX_LANGUAGE_STANDARD = "gnu++17";
				CLANG_CXX_LIBRARY = "libc++";
				CLANG_ENABLE_MODULES = YES;
				CLANG_ENABLE_OBJC_ARC = YES;
				CLANG_ENABLE_OBJC_WEAK = YES;
				CLANG_WARN_BLOCK_CAPTURE_AUTORELEASING = YES;
				CLANG_WARN_BOOL_CONVERSION = YES;
				CLANG_WARN_COMMA = YES;
				CLANG_WARN_CONSTANT_CONVERSION = YES;
				CLANG_WARN_DEPRECATED_OBJC_IMPLEMENTATIONS = YES;
				CLANG_WARN_DIRECT_OBJC_ISA_USAGE = YES_ERROR;
				CLANG_WARN_DOCUMENTATION_COMMENTS = YES;
				CLANG_WARN_EMPTY_BODY = YES;
				CLANG_WARN_ENUM_CONVERSION = YES;
				CLANG_WARN_INFINITE_RECURSION = YES;
				CLANG_WARN_INT_CONVERSION = YES;
				CLANG_WARN_NON_LITERAL_NULL_CONVERSION = YES;
				CLANG_WARN_OBJC_IMPLICIT_RETAIN_SELF = YES;
				CLANG_WARN_OBJC_LITERAL_CONVERSION = YES;
				CLANG_WARN_OBJC_ROOT_CLASS = YES_ERROR;
				CLANG_WARN_QUOTED_INCLUDE_IN_FRAMEWORK_HEADER = YES;
				CLANG_WARN_RANGE_LOOP_ANALYSIS = YES;
				CLANG_WARN_STRICT_PROTOTYPES = YES;
				CLANG_WARN_SUSPICIOUS_MOVE = YES;
				CLANG_WARN_UNGUARDED_AVAILABILITY = YES_AGGRESSIVE;
				CLANG_WARN_UNREACHABLE_CODE = YES;
				CLANG_WARN__DUPLICATE_METHOD_MATCH = YES;
				COPY_PHASE_STRIP = NO;
				DEBUG_INFORMATION_FORMAT = "dwarf-with-dsym";
				ENABLE_NS_ASSERTIONS = NO;
				ENABLE_STRICT_OBJC_MSGSEND = YES;
				GCC_C_LANGUAGE_STANDARD = gnu11;
				GCC_NO_COMMON_BLOCKS = YES;
				GCC_WARN_64_TO_32_BIT_CONVERSION = YES;
				GCC_WARN_ABOUT_RETURN_TYPE = YES_ERROR;
				GCC_WARN_UNDECLARED_SELECTOR = YES;
				GCC_WARN_UNINITIALIZED_AUTOS = YES_AGGRESSIVE;
				GCC_WARN_UNUSED_FUNCTION = YES;
				GCC_WARN_UNUSED_VARIABLE = YES;
				IPHONEOS_DEPLOYMENT_TARGET = 15.0;
				MTL_ENABLE_DEBUG_INFO = NO;
				MTL_FAST_MATH = YES;
				SDKROOT = iphoneos;
				SWIFT_COMPILATION_MODE = wholemodule;
				SWIFT_OPTIMIZATION_LEVEL = "-O";
				VALIDATE_PRODUCT = YES;
			};
			name = Release;
		};
		560A07252720E85900D53B38 /* Debug */ = {
			isa = XCBuildConfiguration;
			buildSettings = {
				ASSETCATALOG_COMPILER_APPICON_NAME = AppIcon;
				ASSETCATALOG_COMPILER_GLOBAL_ACCENT_COLOR_NAME = AccentColor;
				CODE_SIGN_STYLE = Automatic;
				CURRENT_PROJECT_VERSION = 1;
				DEVELOPMENT_ASSET_PATHS = "\"ShareCat/Preview Content\"";
				ENABLE_PREVIEWS = YES;
				GENERATE_INFOPLIST_FILE = YES;
				INFOPLIST_FILE = ShareCat/Info.plist;
				INFOPLIST_KEY_UIApplicationSceneManifest_Generation = YES;
				INFOPLIST_KEY_UIApplicationSupportsIndirectInputEvents = YES;
				INFOPLIST_KEY_UILaunchScreen_Generation = YES;
				INFOPLIST_KEY_UISupportedInterfaceOrientations_iPad = "UIInterfaceOrientationPortrait UIInterfaceOrientationPortraitUpsideDown UIInterfaceOrientationLandscapeLeft UIInterfaceOrientationLandscapeRight";
				INFOPLIST_KEY_UISupportedInterfaceOrientations_iPhone = "UIInterfaceOrientationPortrait UIInterfaceOrientationLandscapeLeft UIInterfaceOrientationLandscapeRight";
				IPHONEOS_DEPLOYMENT_TARGET = 15.0;
				LD_RUNPATH_SEARCH_PATHS = (
					"$(inherited)",
					"@executable_path/Frameworks",
				);
				MARKETING_VERSION = 1.0;
				PRODUCT_BUNDLE_IDENTIFIER = team22.ShareCat;
				PRODUCT_NAME = "$(TARGET_NAME)";
				SWIFT_EMIT_LOC_STRINGS = YES;
				SWIFT_VERSION = 5.0;
				TARGETED_DEVICE_FAMILY = "1,2";
			};
			name = Debug;
		};
		560A07262720E85900D53B38 /* Release */ = {
			isa = XCBuildConfiguration;
			buildSettings = {
				ASSETCATALOG_COMPILER_APPICON_NAME = AppIcon;
				ASSETCATALOG_COMPILER_GLOBAL_ACCENT_COLOR_NAME = AccentColor;
				CODE_SIGN_STYLE = Automatic;
				CURRENT_PROJECT_VERSION = 1;
				DEVELOPMENT_ASSET_PATHS = "\"ShareCat/Preview Content\"";
				ENABLE_PREVIEWS = YES;
				GENERATE_INFOPLIST_FILE = YES;
				INFOPLIST_FILE = ShareCat/Info.plist;
				INFOPLIST_KEY_UIApplicationSceneManifest_Generation = YES;
				INFOPLIST_KEY_UIApplicationSupportsIndirectInputEvents = YES;
				INFOPLIST_KEY_UILaunchScreen_Generation = YES;
				INFOPLIST_KEY_UISupportedInterfaceOrientations_iPad = "UIInterfaceOrientationPortrait UIInterfaceOrientationPortraitUpsideDown UIInterfaceOrientationLandscapeLeft UIInterfaceOrientationLandscapeRight";
				INFOPLIST_KEY_UISupportedInterfaceOrientations_iPhone = "UIInterfaceOrientationPortrait UIInterfaceOrientationLandscapeLeft UIInterfaceOrientationLandscapeRight";
				IPHONEOS_DEPLOYMENT_TARGET = 15.0;
				LD_RUNPATH_SEARCH_PATHS = (
					"$(inherited)",
					"@executable_path/Frameworks",
				);
				MARKETING_VERSION = 1.0;
				PRODUCT_BUNDLE_IDENTIFIER = team22.ShareCat;
				PRODUCT_NAME = "$(TARGET_NAME)";
				SWIFT_EMIT_LOC_STRINGS = YES;
				SWIFT_VERSION = 5.0;
				TARGETED_DEVICE_FAMILY = "1,2";
			};
			name = Release;
		};
		560A07282720E85900D53B38 /* Debug */ = {
			isa = XCBuildConfiguration;
			buildSettings = {
				ALWAYS_EMBED_SWIFT_STANDARD_LIBRARIES = YES;
				BUNDLE_LOADER = "$(TEST_HOST)";
				CODE_SIGN_STYLE = Automatic;
				CURRENT_PROJECT_VERSION = 1;
				GENERATE_INFOPLIST_FILE = YES;
				IPHONEOS_DEPLOYMENT_TARGET = 14.0;
				LD_RUNPATH_SEARCH_PATHS = (
					"$(inherited)",
					"@executable_path/Frameworks",
					"@loader_path/Frameworks",
				);
				MARKETING_VERSION = 1.0;
				PRODUCT_BUNDLE_IDENTIFIER = team22.ShareCatTests;
				PRODUCT_NAME = "$(TARGET_NAME)";
				SWIFT_EMIT_LOC_STRINGS = NO;
				SWIFT_VERSION = 5.0;
				TARGETED_DEVICE_FAMILY = "1,2";
				TEST_HOST = "$(BUILT_PRODUCTS_DIR)/ShareCat.app/ShareCat";
			};
			name = Debug;
		};
		560A07292720E85900D53B38 /* Release */ = {
			isa = XCBuildConfiguration;
			buildSettings = {
				ALWAYS_EMBED_SWIFT_STANDARD_LIBRARIES = YES;
				BUNDLE_LOADER = "$(TEST_HOST)";
				CODE_SIGN_STYLE = Automatic;
				CURRENT_PROJECT_VERSION = 1;
				GENERATE_INFOPLIST_FILE = YES;
				IPHONEOS_DEPLOYMENT_TARGET = 14.0;
				LD_RUNPATH_SEARCH_PATHS = (
					"$(inherited)",
					"@executable_path/Frameworks",
					"@loader_path/Frameworks",
				);
				MARKETING_VERSION = 1.0;
				PRODUCT_BUNDLE_IDENTIFIER = team22.ShareCatTests;
				PRODUCT_NAME = "$(TARGET_NAME)";
				SWIFT_EMIT_LOC_STRINGS = NO;
				SWIFT_VERSION = 5.0;
				TARGETED_DEVICE_FAMILY = "1,2";
				TEST_HOST = "$(BUILT_PRODUCTS_DIR)/ShareCat.app/ShareCat";
			};
			name = Release;
		};
		560A072B2720E85900D53B38 /* Debug */ = {
			isa = XCBuildConfiguration;
			buildSettings = {
				ALWAYS_EMBED_SWIFT_STANDARD_LIBRARIES = YES;
				CODE_SIGN_STYLE = Automatic;
				CURRENT_PROJECT_VERSION = 1;
				GENERATE_INFOPLIST_FILE = YES;
				LD_RUNPATH_SEARCH_PATHS = (
					"$(inherited)",
					"@executable_path/Frameworks",
					"@loader_path/Frameworks",
				);
				MARKETING_VERSION = 1.0;
				PRODUCT_BUNDLE_IDENTIFIER = team22.ShareCatUITests;
				PRODUCT_NAME = "$(TARGET_NAME)";
				SWIFT_EMIT_LOC_STRINGS = NO;
				SWIFT_VERSION = 5.0;
				TARGETED_DEVICE_FAMILY = "1,2";
				TEST_TARGET_NAME = ShareCat;
			};
			name = Debug;
		};
		560A072C2720E85900D53B38 /* Release */ = {
			isa = XCBuildConfiguration;
			buildSettings = {
				ALWAYS_EMBED_SWIFT_STANDARD_LIBRARIES = YES;
				CODE_SIGN_STYLE = Automatic;
				CURRENT_PROJECT_VERSION = 1;
				GENERATE_INFOPLIST_FILE = YES;
				LD_RUNPATH_SEARCH_PATHS = (
					"$(inherited)",
					"@executable_path/Frameworks",
					"@loader_path/Frameworks",
				);
				MARKETING_VERSION = 1.0;
				PRODUCT_BUNDLE_IDENTIFIER = team22.ShareCatUITests;
				PRODUCT_NAME = "$(TARGET_NAME)";
				SWIFT_EMIT_LOC_STRINGS = NO;
				SWIFT_VERSION = 5.0;
				TARGETED_DEVICE_FAMILY = "1,2";
				TEST_TARGET_NAME = ShareCat;
			};
			name = Release;
		};
/* End XCBuildConfiguration section */

/* Begin XCConfigurationList section */
		560A06FB2720E85700D53B38 /* Build configuration list for PBXProject "ShareCat" */ = {
			isa = XCConfigurationList;
			buildConfigurations = (
				560A07222720E85900D53B38 /* Debug */,
				560A07232720E85900D53B38 /* Release */,
			);
			defaultConfigurationIsVisible = 0;
			defaultConfigurationName = Release;
		};
		560A07242720E85900D53B38 /* Build configuration list for PBXNativeTarget "ShareCat" */ = {
			isa = XCConfigurationList;
			buildConfigurations = (
				560A07252720E85900D53B38 /* Debug */,
				560A07262720E85900D53B38 /* Release */,
			);
			defaultConfigurationIsVisible = 0;
			defaultConfigurationName = Release;
		};
		560A07272720E85900D53B38 /* Build configuration list for PBXNativeTarget "ShareCatTests" */ = {
			isa = XCConfigurationList;
			buildConfigurations = (
				560A07282720E85900D53B38 /* Debug */,
				560A07292720E85900D53B38 /* Release */,
			);
			defaultConfigurationIsVisible = 0;
			defaultConfigurationName = Release;
		};
		560A072A2720E85900D53B38 /* Build configuration list for PBXNativeTarget "ShareCatUITests" */ = {
			isa = XCConfigurationList;
			buildConfigurations = (
				560A072B2720E85900D53B38 /* Debug */,
				560A072C2720E85900D53B38 /* Release */,
			);
			defaultConfigurationIsVisible = 0;
			defaultConfigurationName = Release;
		};
/* End XCConfigurationList section */

/* Begin XCRemoteSwiftPackageReference section */
		E2038F532748857500DA9484 /* XCRemoteSwiftPackageReference "DeadSimpleCalendar" */ = {
			isa = XCRemoteSwiftPackageReference;
			repositoryURL = "https://github.com/selfsk/DeadSimpleCalendar.git";
			requirement = {
				branch = master;
				kind = branch;
			};
		};
/* End XCRemoteSwiftPackageReference section */

/* Begin XCSwiftPackageProductDependency section */
		E2038F542748857500DA9484 /* DeadSimpleCalendar */ = {
			isa = XCSwiftPackageProductDependency;
			package = E2038F532748857500DA9484 /* XCRemoteSwiftPackageReference "DeadSimpleCalendar" */;
			productName = DeadSimpleCalendar;
		};
/* End XCSwiftPackageProductDependency section */
	};
	rootObject = 560A06F82720E85700D53B38 /* Project object */;
}
